
Microsoft Visual Studio Solution File, Format Version 12.00
# Visual Studio 15
VisualStudioVersion = 15.0.28307.757
MinimumVisualStudioVersion = 10.0.40219.1
Project("{8BC9CEB8-8B4A-11D0-8D11-00A0C91BC942}") = "XmlParserKernel", "XmlParserKernel\XmlParserKernel.vcxproj", "{AFAD303F-CA89-4300-B144-7142E1D4C781}"
EndProject
Project("{8BC9CEB8-8B4A-11D0-8D11-00A0C91BC942}") = "MFCApplication1", "MFCApplication1\MFCApplication1.vcxproj", "{F3EEBD2B-BECE-4602-90D2-C6B0A6A68EBB}"
EndProject
Project("{FAE04EC0-301F-11D3-BF4B-00C04F79EFBC}") = "FormsApp1", "FormsApp1\FormsApp1.csproj", "{1ECA310A-A7C8-4F88-A71D-389780CB075E}"
EndProject
Global
	GlobalSection(SolutionConfigurationPlatforms) = preSolution
		Debug|Any CPU = Debug|Any CPU
		Debug|x64 = Debug|x64
		Release|Any CPU = Release|Any CPU
		Release|x64 = Release|x64
	EndGlobalSection
	GlobalSection(ProjectConfigurationPlatforms) = postSolution
		{AFAD303F-CA89-4300-B144-7142E1D4C781}.Debug|Any CPU.ActiveCfg = Debug|x64
		{AFAD303F-CA89-4300-B144-7142E1D4C781}.Debug|x64.ActiveCfg = Debug|x64
		{AFAD303F-CA89-4300-B144-7142E1D4C781}.Debug|x64.Build.0 = Debug|x64
		{AFAD303F-CA89-4300-B144-7142E1D4C781}.Release|Any CPU.ActiveCfg = Release|x64
		{AFAD303F-CA89-4300-B144-7142E1D4C781}.Release|x64.ActiveCfg = Release|x64
		{AFAD303F-CA89-4300-B144-7142E1D4C781}.Release|x64.Build.0 = Release|x64
		{F3EEBD2B-BECE-4602-90D2-C6B0A6A68EBB}.Debug|Any CPU.ActiveCfg = Debug|x64
		{F3EEBD2B-BECE-4602-90D2-C6B0A6A68EBB}.Debug|x64.ActiveCfg = Debug|x64
		{F3EEBD2B-BECE-4602-90D2-C6B0A6A68EBB}.Debug|x64.Build.0 = Debug|x64
		{F3EEBD2B-BECE-4602-90D2-C6B0A6A68EBB}.Release|Any CPU.ActiveCfg = Release|x64
		{F3EEBD2B-BECE-4602-90D2-C6B0A6A68EBB}.Release|x64.ActiveCfg = Release|x64
		{F3EEBD2B-BECE-4602-90D2-C6B0A6A68EBB}.Release|x64.Build.0 = Release|x64
		{1ECA310A-A7C8-4F88-A71D-389780CB075E}.Debug|Any CPU.ActiveCfg = Debug|Any CPU
		{1ECA310A-A7C8-4F88-A71D-389780CB075E}.Debug|Any CPU.Build.0 = Debug|Any CPU
		{1ECA310A-A7C8-4F88-A71D-389780CB075E}.Debug|x64.ActiveCfg = Debug|Any CPU
		{1ECA310A-A7C8-4F88-A71D-389780CB075E}.Debug|x64.Build.0 = Debug|Any CPU
		{1ECA310A-A7C8-4F88-A71D-389780CB075E}.Release|Any CPU.ActiveCfg = Release|Any CPU
		{1ECA310A-A7C8-4F88-A71D-389780CB075E}.Release|Any CPU.Build.0 = Release|Any CPU
		{1ECA310A-A7C8-4F88-A71D-389780CB075E}.Release|x64.ActiveCfg = Release|Any CPU
		{1ECA310A-A7C8-4F88-A71D-389780CB075E}.Release|x64.Build.0 = Release|Any CPU
	EndGlobalSection
	GlobalSection(SolutionProperties) = preSolution
		HideSolutionNode = FALSE
	EndGlobalSection
	GlobalSection(ExtensibilityGlobals) = postSolution
		SolutionGuid = {22EFEA25-A725-449E-979E-081D16EB9693}
	EndGlobalSection
EndGlobal
